// !$*UTF8*$!
{
	archiveVersion = 1;
	classes = {
	};
	objectVersion = 50;
	objects = {

/* Begin PBXBuildFile section */
		56004718BFACAB4352342344 /* Pods_Piano.framework in Frameworks */ = {isa = PBXBuildFile; fileRef = B1C004A8803023887369302C /* Pods_Piano.framework */; };
		6CDF3F4D20BD250E00C28918 /* DynamicTextEngine_iOS.framework in Frameworks */ = {isa = PBXBuildFile; fileRef = 6CDF3F4C20BD250E00C28918 /* DynamicTextEngine_iOS.framework */; };
		6CDF3F4E20BD250E00C28918 /* DynamicTextEngine_iOS.framework in Embed Frameworks */ = {isa = PBXBuildFile; fileRef = 6CDF3F4C20BD250E00C28918 /* DynamicTextEngine_iOS.framework */; settings = {ATTRIBUTES = (CodeSignOnCopy, RemoveHeadersOnCopy, ); }; };
		6CEDD11D20BD18A0002FB34E /* LocalImageCache.swift in Sources */ = {isa = PBXBuildFile; fileRef = 6CEDD11820BD18A0002FB34E /* LocalImageCache.swift */; };
		6CEDD11E20BD18A0002FB34E /* RealmDataModel.swift in Sources */ = {isa = PBXBuildFile; fileRef = 6CEDD11920BD18A0002FB34E /* RealmDataModel.swift */; };
		6CEDD11F20BD18A0002FB34E /* RealmCardDataModels.swift in Sources */ = {isa = PBXBuildFile; fileRef = 6CEDD11A20BD18A0002FB34E /* RealmCardDataModels.swift */; };
		6CEDD12020BD18A0002FB34E /* RealmImageObserver.swift in Sources */ = {isa = PBXBuildFile; fileRef = 6CEDD11B20BD18A0002FB34E /* RealmImageObserver.swift */; };
		6CEDD12120BD18A0002FB34E /* LocalDatabase.swift in Sources */ = {isa = PBXBuildFile; fileRef = 6CEDD11C20BD18A0002FB34E /* LocalDatabase.swift */; };
		6CEDD12920BD19A6002FB34E /* FontAttribute.swift in Sources */ = {isa = PBXBuildFile; fileRef = 6CEDD12720BD19A5002FB34E /* FontAttribute.swift */; };
		6CEDD12A20BD19A6002FB34E /* AttributeModel.swift in Sources */ = {isa = PBXBuildFile; fileRef = 6CEDD12820BD19A5002FB34E /* AttributeModel.swift */; };
		6CEDD13920BD19AD002FB34E /* CloudDatabase.swift in Sources */ = {isa = PBXBuildFile; fileRef = 6CEDD12D20BD19AD002FB34E /* CloudDatabase.swift */; };
		6CEDD13A20BD19AD002FB34E /* RxCloudDatabase_Subscription.swift in Sources */ = {isa = PBXBuildFile; fileRef = 6CEDD12E20BD19AD002FB34E /* RxCloudDatabase_Subscription.swift */; };
		6CEDD13B20BD19AD002FB34E /* RxCloudDatabase.swift in Sources */ = {isa = PBXBuildFile; fileRef = 6CEDD12F20BD19AD002FB34E /* RxCloudDatabase.swift */; };
		6CEDD13C20BD19AD002FB34E /* CloudManager.swift in Sources */ = {isa = PBXBuildFile; fileRef = 6CEDD13020BD19AD002FB34E /* CloudManager.swift */; };
		6CEDD13D20BD19AD002FB34E /* ConflictResolver.swift in Sources */ = {isa = PBXBuildFile; fileRef = 6CEDD13220BD19AD002FB34E /* ConflictResolver.swift */; };
		6CEDD13E20BD19AD002FB34E /* Diff.swift in Sources */ = {isa = PBXBuildFile; fileRef = 6CEDD13320BD19AD002FB34E /* Diff.swift */; };
		6CEDD13F20BD19AD002FB34E /* Diff3.swift in Sources */ = {isa = PBXBuildFile; fileRef = 6CEDD13420BD19AD002FB34E /* Diff3.swift */; };
		6CEDD14020BD19AD002FB34E /* NoteSynchronizer.swift in Sources */ = {isa = PBXBuildFile; fileRef = 6CEDD13520BD19AD002FB34E /* NoteSynchronizer.swift */; };
		6CEDD14120BD19AD002FB34E /* CloudNotificationCenter.swift in Sources */ = {isa = PBXBuildFile; fileRef = 6CEDD13620BD19AD002FB34E /* CloudNotificationCenter.swift */; };
		6CEDD14220BD19AD002FB34E /* Sync.swift in Sources */ = {isa = PBXBuildFile; fileRef = 6CEDD13820BD19AD002FB34E /* Sync.swift */; };
		6CEDD14420BD1A17002FB34E /* CKError.swift in Sources */ = {isa = PBXBuildFile; fileRef = 6CEDD14320BD1A17002FB34E /* CKError.swift */; };
		6CEDD14720BD1A23002FB34E /* CKAsset+UIImage.swift in Sources */ = {isa = PBXBuildFile; fileRef = 6CEDD14520BD1A23002FB34E /* CKAsset+UIImage.swift */; };
		6CEDD14820BD1A23002FB34E /* CKDatabaseScope.swift in Sources */ = {isa = PBXBuildFile; fileRef = 6CEDD14620BD1A23002FB34E /* CKDatabaseScope.swift */; };
		6CEDD14A20BD1A2B002FB34E /* NSObject.swift in Sources */ = {isa = PBXBuildFile; fileRef = 6CEDD14920BD1A2B002FB34E /* NSObject.swift */; };
		6CEDD14C20BD1AC0002FB34E /* Realm+CloudKit.swift in Sources */ = {isa = PBXBuildFile; fileRef = 6CEDD14B20BD1ABF002FB34E /* Realm+CloudKit.swift */; };
		6CEDD14E20BD1B5C002FB34E /* Util.swift in Sources */ = {isa = PBXBuildFile; fileRef = 6CEDD14D20BD1B5B002FB34E /* Util.swift */; };
		6CEDD15020BD1C76002FB34E /* UIImage+resize.swift in Sources */ = {isa = PBXBuildFile; fileRef = 6CEDD14F20BD1C75002FB34E /* UIImage+resize.swift */; };
		6CEDD15220BD1CF0002FB34E /* ColorManager.swift in Sources */ = {isa = PBXBuildFile; fileRef = 6CEDD15120BD1CF0002FB34E /* ColorManager.swift */; };
		6CEDD15420BD1CFB002FB34E /* FontManager.swift in Sources */ = {isa = PBXBuildFile; fileRef = 6CEDD15320BD1CFB002FB34E /* FontManager.swift */; };
		6CEDD15920BD1D2D002FB34E /* CardAttachment.swift in Sources */ = {isa = PBXBuildFile; fileRef = 6CEDD15620BD1D2C002FB34E /* CardAttachment.swift */; };
		6CEDD15C20BD1D45002FB34E /* DynamicParagraphStyle.swift in Sources */ = {isa = PBXBuildFile; fileRef = 6CEDD15B20BD1D45002FB34E /* DynamicParagraphStyle.swift */; };
		6CEDD15E20BD1D76002FB34E /* PianoNoteSizeInspector.swift in Sources */ = {isa = PBXBuildFile; fileRef = 6CEDD15D20BD1D75002FB34E /* PianoNoteSizeInspector.swift */; };
		6CEDD16020BD1D84002FB34E /* NSAttributedStringKey.swift in Sources */ = {isa = PBXBuildFile; fileRef = 6CEDD15F20BD1D84002FB34E /* NSAttributedStringKey.swift */; };
		6CEDD16220BD1DEE002FB34E /* AttributeModelConfigurable.swift in Sources */ = {isa = PBXBuildFile; fileRef = 6CEDD16120BD1DEE002FB34E /* AttributeModelConfigurable.swift */; };
		6CEDD16420BD1F80002FB34E /* Device.swift in Sources */ = {isa = PBXBuildFile; fileRef = 6CEDD16320BD1F80002FB34E /* Device.swift */; };
		6CEDD16620BD205B002FB34E /* ModelManager.swift in Sources */ = {isa = PBXBuildFile; fileRef = 6CEDD16520BD205A002FB34E /* ModelManager.swift */; };
		6CEDD16920BD2077002FB34E /* CloudKit.framework in Frameworks */ = {isa = PBXBuildFile; fileRef = 6CEDD16820BD2077002FB34E /* CloudKit.framework */; };
		7C1F8CE620BE22C5001B03AC /* PianoTextView.swift in Sources */ = {isa = PBXBuildFile; fileRef = 7C1F8CE520BE22C5001B03AC /* PianoTextView.swift */; };
		7C1F8CEB20BE2AB0001B03AC /* AutoComplete.swift in Sources */ = {isa = PBXBuildFile; fileRef = 7C1F8CE720BE2AB0001B03AC /* AutoComplete.swift */; };
		7C1F8CEC20BE2AB0001B03AC /* PianoTextView_AutoCompletable.swift in Sources */ = {isa = PBXBuildFile; fileRef = 7C1F8CE820BE2AB0001B03AC /* PianoTextView_AutoCompletable.swift */; };
		7C1F8CED20BE2AB0001B03AC /* AutoCompletable.swift in Sources */ = {isa = PBXBuildFile; fileRef = 7C1F8CE920BE2AB0001B03AC /* AutoCompletable.swift */; };
		7C1F8CEE20BE2AB0001B03AC /* PianoTextView_TableViewDataSource.swift in Sources */ = {isa = PBXBuildFile; fileRef = 7C1F8CEA20BE2AB0001B03AC /* PianoTextView_TableViewDataSource.swift */; };
		7C1F8CF420BE2ACF001B03AC /* AutoCompleteTableViewCell.swift in Sources */ = {isa = PBXBuildFile; fileRef = 7C1F8CF020BE2ACF001B03AC /* AutoCompleteTableViewCell.swift */; };
		7C1F8CF520BE2ACF001B03AC /* AutoCompleteTableViewCell.xib in Resources */ = {isa = PBXBuildFile; fileRef = 7C1F8CF120BE2ACF001B03AC /* AutoCompleteTableViewCell.xib */; };
		7C1F8CF620BE2ACF001B03AC /* AutoCompleteTableView.xib in Resources */ = {isa = PBXBuildFile; fileRef = 7C1F8CF220BE2ACF001B03AC /* AutoCompleteTableView.xib */; };
		7C1F8CF720BE2ACF001B03AC /* AutoCompleteTableView.swift in Sources */ = {isa = PBXBuildFile; fileRef = 7C1F8CF320BE2ACF001B03AC /* AutoCompleteTableView.swift */; };
		7C1F8CFA20BE2D78001B03AC /* DynamicAttachment.swift in Sources */ = {isa = PBXBuildFile; fileRef = 7C1F8CF920BE2D78001B03AC /* DynamicAttachment.swift */; };
		7C1F8CFC20BE31C9001B03AC /* NSAttributedString_extension.swift in Sources */ = {isa = PBXBuildFile; fileRef = 7C1F8CFB20BE31C9001B03AC /* NSAttributedString_extension.swift */; };
		7C1F8CFE20BE31EE001B03AC /* NSRange_extension.swift in Sources */ = {isa = PBXBuildFile; fileRef = 7C1F8CFD20BE31EE001B03AC /* NSRange_extension.swift */; };
		7C1F8D0020BE337A001B03AC /* PianoAttributes.swift in Sources */ = {isa = PBXBuildFile; fileRef = 7C1F8CFF20BE337A001B03AC /* PianoAttributes.swift */; };
		7C1F8D0220BE3567001B03AC /* PianoView.xib in Resources */ = {isa = PBXBuildFile; fileRef = 7C1F8D0120BE3567001B03AC /* PianoView.xib */; };
		7C1F8D0420BE3573001B03AC /* Pianoable.swift in Sources */ = {isa = PBXBuildFile; fileRef = 7C1F8D0320BE3573001B03AC /* Pianoable.swift */; };
		7C1F8D0620BE35B1001B03AC /* PianoTextView_Pianoable.swift in Sources */ = {isa = PBXBuildFile; fileRef = 7C1F8D0520BE35B1001B03AC /* PianoTextView_Pianoable.swift */; };
		7C1F8D0820BE35CF001B03AC /* PianoSetup.swift in Sources */ = {isa = PBXBuildFile; fileRef = 7C1F8D0720BE35CF001B03AC /* PianoSetup.swift */; };
		7C1F8D0A20BE35E0001B03AC /* AnimatableText.swift in Sources */ = {isa = PBXBuildFile; fileRef = 7C1F8D0920BE35E0001B03AC /* AnimatableText.swift */; };
		7C1F8D0C20BE35E6001B03AC /* PianoResult.swift in Sources */ = {isa = PBXBuildFile; fileRef = 7C1F8D0B20BE35E6001B03AC /* PianoResult.swift */; };
		7C1F8D0F20BE35EE001B03AC /* PianoControl.xib in Resources */ = {isa = PBXBuildFile; fileRef = 7C1F8D0D20BE35EE001B03AC /* PianoControl.xib */; };
		7C1F8D1020BE35EE001B03AC /* PianoControl.swift in Sources */ = {isa = PBXBuildFile; fileRef = 7C1F8D0E20BE35EE001B03AC /* PianoControl.swift */; };
		7C1F8D1320BE3611001B03AC /* PianoCoverView.xib in Resources */ = {isa = PBXBuildFile; fileRef = 7C1F8D1120BE3611001B03AC /* PianoCoverView.xib */; };
		7C1F8D1420BE3611001B03AC /* TextAnimatable.swift in Sources */ = {isa = PBXBuildFile; fileRef = 7C1F8D1220BE3611001B03AC /* TextAnimatable.swift */; };
		7C1F8D1620BE3779001B03AC /* PianoCoverView.swift in Sources */ = {isa = PBXBuildFile; fileRef = 7C1F8D1520BE3779001B03AC /* PianoCoverView.swift */; };
		7C1F8D1820BE383D001B03AC /* ConstraintIdentifier.swift in Sources */ = {isa = PBXBuildFile; fileRef = 7C1F8D1720BE383D001B03AC /* ConstraintIdentifier.swift */; };
		7C2F5F2320BF8CC20005B112 /* NoteGestureRecognizer.swift in Sources */ = {isa = PBXBuildFile; fileRef = 7C2F5F2220BF8CC20005B112 /* NoteGestureRecognizer.swift */; };
		7C415C7E20BCA99A00B9F8DC /* LicenseViewController.swift in Sources */ = {isa = PBXBuildFile; fileRef = 7C415C7D20BCA99A00B9F8DC /* LicenseViewController.swift */; };
		7C415C8120BCAAD400B9F8DC /* String_extension.swift in Sources */ = {isa = PBXBuildFile; fileRef = 7C415C8020BCAAD400B9F8DC /* String_extension.swift */; };
		7C415C8820BCB30000B9F8DC /* AppNavigator.swift in Sources */ = {isa = PBXBuildFile; fileRef = 7C415C8720BCB30000B9F8DC /* AppNavigator.swift */; };
		7C415C8B20BCBBB300B9F8DC /* AttachmentViewController.swift in Sources */ = {isa = PBXBuildFile; fileRef = 7C415C8A20BCBBB300B9F8DC /* AttachmentViewController.swift */; };
		7C601E0C20B460EE00A707A0 /* CategoryCustomTagCell.swift in Sources */ = {isa = PBXBuildFile; fileRef = 7C601E0B20B460EE00A707A0 /* CategoryCustomTagCell.swift */; };
		7C601E0E20B4619000A707A0 /* CategoryNotificationCell.swift in Sources */ = {isa = PBXBuildFile; fileRef = 7C601E0D20B4619000A707A0 /* CategoryNotificationCell.swift */; };
		7C601E1020B461DF00A707A0 /* CategoryLinkCell.swift in Sources */ = {isa = PBXBuildFile; fileRef = 7C601E0F20B461DF00A707A0 /* CategoryLinkCell.swift */; };
		7C601E1220B4620500A707A0 /* CategoryExtraCell.swift in Sources */ = {isa = PBXBuildFile; fileRef = 7C601E1120B4620500A707A0 /* CategoryExtraCell.swift */; };
		7C64F8A520B5B66600FAC0E3 /* CollectionDatable.swift in Sources */ = {isa = PBXBuildFile; fileRef = 7C64F8A420B5B66600FAC0E3 /* CollectionDatable.swift */; };
		7C64F8A920B61DF000FAC0E3 /* NotePeriodReusableView.swift in Sources */ = {isa = PBXBuildFile; fileRef = 7C64F8A820B61DF000FAC0E3 /* NotePeriodReusableView.swift */; };
		7C64F8AC20B61EAC00FAC0E3 /* NoteCreateCell.swift in Sources */ = {isa = PBXBuildFile; fileRef = 7C64F8AB20B61EAC00FAC0E3 /* NoteCreateCell.swift */; };
		7C64F8AE20B61F6600FAC0E3 /* NoteCalendarCell.swift in Sources */ = {isa = PBXBuildFile; fileRef = 7C64F8AD20B61F6600FAC0E3 /* NoteCalendarCell.swift */; };
		7C64F8B020B6200100FAC0E3 /* NoteCell.swift in Sources */ = {isa = PBXBuildFile; fileRef = 7C64F8AF20B6200100FAC0E3 /* NoteCell.swift */; };
		7C64F8B220B67FD000FAC0E3 /* DateFormatter_extension.swift in Sources */ = {isa = PBXBuildFile; fileRef = 7C64F8B120B67FD000FAC0E3 /* DateFormatter_extension.swift */; };
		7C71F7C520A729DF007DB646 /* AppDelegate.swift in Sources */ = {isa = PBXBuildFile; fileRef = 7C71F7C420A729DF007DB646 /* AppDelegate.swift */; };
		7C71F7CA20A729DF007DB646 /* Main.storyboard in Resources */ = {isa = PBXBuildFile; fileRef = 7C71F7C820A729DF007DB646 /* Main.storyboard */; };
		7C71F7CC20A729E0007DB646 /* Assets.xcassets in Resources */ = {isa = PBXBuildFile; fileRef = 7C71F7CB20A729E0007DB646 /* Assets.xcassets */; };
		7C71F7CF20A729E0007DB646 /* LaunchScreen.storyboard in Resources */ = {isa = PBXBuildFile; fileRef = 7C71F7CD20A729E0007DB646 /* LaunchScreen.storyboard */; };
		7C79C4BB20BD70F5006249CD /* Date_extension.swift in Sources */ = {isa = PBXBuildFile; fileRef = 7C79C4BA20BD70F5006249CD /* Date_extension.swift */; };
		7C7C9C1D20B39535004B8994 /* StatusBarView.xib in Resources */ = {isa = PBXBuildFile; fileRef = 7C7C9C1A20B39535004B8994 /* StatusBarView.xib */; };
		7C7C9C1E20B39535004B8994 /* StatusBarView.swift in Sources */ = {isa = PBXBuildFile; fileRef = 7C7C9C1B20B39535004B8994 /* StatusBarView.swift */; };
		7C7C9C1F20B39535004B8994 /* TransParentNavigationController.swift in Sources */ = {isa = PBXBuildFile; fileRef = 7C7C9C1C20B39535004B8994 /* TransParentNavigationController.swift */; };
		7C7C9C2220B3955A004B8994 /* UIView_extension.swift in Sources */ = {isa = PBXBuildFile; fileRef = 7C7C9C2020B3955A004B8994 /* UIView_extension.swift */; };
		7C7C9C2320B3955A004B8994 /* View_extension.swift in Sources */ = {isa = PBXBuildFile; fileRef = 7C7C9C2120B3955A004B8994 /* View_extension.swift */; };
		7C7C9C2620B39579004B8994 /* iOS.swift in Sources */ = {isa = PBXBuildFile; fileRef = 7C7C9C2520B39579004B8994 /* iOS.swift */; };
		7C7C9C2920B3BD6A004B8994 /* NoteListViewController.swift in Sources */ = {isa = PBXBuildFile; fileRef = 7C7C9C2820B3BD6A004B8994 /* NoteListViewController.swift */; };
		7C7C9C2B20B3BD84004B8994 /* CategoryListViewController.swift in Sources */ = {isa = PBXBuildFile; fileRef = 7C7C9C2A20B3BD84004B8994 /* CategoryListViewController.swift */; };
		7C7C9C2D20B3BDA2004B8994 /* NoteViewController.swift in Sources */ = {isa = PBXBuildFile; fileRef = 7C7C9C2C20B3BDA2004B8994 /* NoteViewController.swift */; };
		7C7C9C3320B3D3F6004B8994 /* SearchViewController.swift in Sources */ = {isa = PBXBuildFile; fileRef = 7C7C9C3220B3D3F6004B8994 /* SearchViewController.swift */; };
		7C7C9C4120B402AF004B8994 /* UsageViewController.swift in Sources */ = {isa = PBXBuildFile; fileRef = 7C7C9C4020B402AF004B8994 /* UsageViewController.swift */; };
		7C7C9C4320B402D9004B8994 /* UsageListViewController.swift in Sources */ = {isa = PBXBuildFile; fileRef = 7C7C9C4220B402D9004B8994 /* UsageListViewController.swift */; };
		7C7C9C4520B402F0004B8994 /* SubscribeViewController.swift in Sources */ = {isa = PBXBuildFile; fileRef = 7C7C9C4420B402F0004B8994 /* SubscribeViewController.swift */; };
		7C7C9C4720B40586004B8994 /* CustomFormatViewController.swift in Sources */ = {isa = PBXBuildFile; fileRef = 7C7C9C4620B40586004B8994 /* CustomFormatViewController.swift */; };
		7C7C9C4920B45D42004B8994 /* CategoryDefaultTagCell.swift in Sources */ = {isa = PBXBuildFile; fileRef = 7C7C9C4820B45D42004B8994 /* CategoryDefaultTagCell.swift */; };
		7CB5E9AA20B9312D00B42A55 /* CategoryTitleReusableView.swift in Sources */ = {isa = PBXBuildFile; fileRef = 7CB5E9A920B9312D00B42A55 /* CategoryTitleReusableView.swift */; };
		7CB5E9AD20B9513C00B42A55 /* PianoSegmentControl.swift in Sources */ = {isa = PBXBuildFile; fileRef = 7CB5E9AC20B9513C00B42A55 /* PianoSegmentControl.swift */; };
		7CB5E9B120B9518800B42A55 /* PianoSegmentControl.xib in Resources */ = {isa = PBXBuildFile; fileRef = 7CB5E9B020B9518800B42A55 /* PianoSegmentControl.xib */; };
		7CB5E9B320B953F800B42A55 /* Button_extension.swift in Sources */ = {isa = PBXBuildFile; fileRef = 7CB5E9B220B953F800B42A55 /* Button_extension.swift */; };
		7CB5E9B520B9547000B42A55 /* TestViewController.swift in Sources */ = {isa = PBXBuildFile; fileRef = 7CB5E9B420B9547000B42A55 /* TestViewController.swift */; };
		7CB5E9B720B9777A00B42A55 /* UIViewController_extension.swift in Sources */ = {isa = PBXBuildFile; fileRef = 7CB5E9B620B9777A00B42A55 /* UIViewController_extension.swift */; };
		7CB5E9B920BA997D00B42A55 /* Linkable.swift in Sources */ = {isa = PBXBuildFile; fileRef = 7CB5E9B820BA997D00B42A55 /* Linkable.swift */; };
		7CB5E9C020BB6B6B00B42A55 /* Color_extension.swift in Sources */ = {isa = PBXBuildFile; fileRef = 7CB5E9BF20BB6B6B00B42A55 /* Color_extension.swift */; };
		7CB5E9C220BB6ED100B42A55 /* PianoView.swift in Sources */ = {isa = PBXBuildFile; fileRef = 7CB5E9C120BB6ED100B42A55 /* PianoView.swift */; };
		7CB5E9C520BBFC5100B42A55 /* NoteListViewController_extension.swift in Sources */ = {isa = PBXBuildFile; fileRef = 7CB5E9C420BBFC5100B42A55 /* NoteListViewController_extension.swift */; };
		7CB5E9C720BBFC8A00B42A55 /* CategoryListViewController_extension.swift in Sources */ = {isa = PBXBuildFile; fileRef = 7CB5E9C620BBFC8A00B42A55 /* CategoryListViewController_extension.swift */; };
		7CB5E9C920BBFD0900B42A55 /* UICollectionView_extension.swift in Sources */ = {isa = PBXBuildFile; fileRef = 7CB5E9C820BBFD0900B42A55 /* UICollectionView_extension.swift */; };
		7CB5E9CD20BC00C600B42A55 /* DeletedNoteCell.swift in Sources */ = {isa = PBXBuildFile; fileRef = 7CB5E9CC20BC00C600B42A55 /* DeletedNoteCell.swift */; };
		7CB5E9CF20BC00E800B42A55 /* LockedNoteCell.swift in Sources */ = {isa = PBXBuildFile; fileRef = 7CB5E9CE20BC00E800B42A55 /* LockedNoteCell.swift */; };
/* End PBXBuildFile section */

/* Begin PBXCopyFilesBuildPhase section */
		6CDF3F4F20BD250E00C28918 /* Embed Frameworks */ = {
			isa = PBXCopyFilesBuildPhase;
			buildActionMask = 2147483647;
			dstPath = "";
			dstSubfolderSpec = 10;
			files = (
				6CDF3F4E20BD250E00C28918 /* DynamicTextEngine_iOS.framework in Embed Frameworks */,
			);
			name = "Embed Frameworks";
			runOnlyForDeploymentPostprocessing = 0;
		};
/* End PBXCopyFilesBuildPhase section */

/* Begin PBXFileReference section */
		5330C18E5AE13D724B6D77DC /* Pods-Piano.release.xcconfig */ = {isa = PBXFileReference; includeInIndex = 1; lastKnownFileType = text.xcconfig; name = "Pods-Piano.release.xcconfig"; path = "Pods/Target Support Files/Pods-Piano/Pods-Piano.release.xcconfig"; sourceTree = "<group>"; };
		6CDF3F4C20BD250E00C28918 /* DynamicTextEngine_iOS.framework */ = {isa = PBXFileReference; explicitFileType = wrapper.framework; path = DynamicTextEngine_iOS.framework; sourceTree = BUILT_PRODUCTS_DIR; };
		6CEDD11820BD18A0002FB34E /* LocalImageCache.swift */ = {isa = PBXFileReference; fileEncoding = 4; lastKnownFileType = sourcecode.swift; path = LocalImageCache.swift; sourceTree = "<group>"; };
		6CEDD11920BD18A0002FB34E /* RealmDataModel.swift */ = {isa = PBXFileReference; fileEncoding = 4; lastKnownFileType = sourcecode.swift; path = RealmDataModel.swift; sourceTree = "<group>"; };
		6CEDD11A20BD18A0002FB34E /* RealmCardDataModels.swift */ = {isa = PBXFileReference; fileEncoding = 4; lastKnownFileType = sourcecode.swift; path = RealmCardDataModels.swift; sourceTree = "<group>"; };
		6CEDD11B20BD18A0002FB34E /* RealmImageObserver.swift */ = {isa = PBXFileReference; fileEncoding = 4; lastKnownFileType = sourcecode.swift; path = RealmImageObserver.swift; sourceTree = "<group>"; };
		6CEDD11C20BD18A0002FB34E /* LocalDatabase.swift */ = {isa = PBXFileReference; fileEncoding = 4; lastKnownFileType = sourcecode.swift; path = LocalDatabase.swift; sourceTree = "<group>"; };
		6CEDD12720BD19A5002FB34E /* FontAttribute.swift */ = {isa = PBXFileReference; fileEncoding = 4; lastKnownFileType = sourcecode.swift; path = FontAttribute.swift; sourceTree = "<group>"; };
		6CEDD12820BD19A5002FB34E /* AttributeModel.swift */ = {isa = PBXFileReference; fileEncoding = 4; lastKnownFileType = sourcecode.swift; path = AttributeModel.swift; sourceTree = "<group>"; };
		6CEDD12D20BD19AD002FB34E /* CloudDatabase.swift */ = {isa = PBXFileReference; fileEncoding = 4; lastKnownFileType = sourcecode.swift; path = CloudDatabase.swift; sourceTree = "<group>"; };
		6CEDD12E20BD19AD002FB34E /* RxCloudDatabase_Subscription.swift */ = {isa = PBXFileReference; fileEncoding = 4; lastKnownFileType = sourcecode.swift; path = RxCloudDatabase_Subscription.swift; sourceTree = "<group>"; };
		6CEDD12F20BD19AD002FB34E /* RxCloudDatabase.swift */ = {isa = PBXFileReference; fileEncoding = 4; lastKnownFileType = sourcecode.swift; path = RxCloudDatabase.swift; sourceTree = "<group>"; };
		6CEDD13020BD19AD002FB34E /* CloudManager.swift */ = {isa = PBXFileReference; fileEncoding = 4; lastKnownFileType = sourcecode.swift; path = CloudManager.swift; sourceTree = "<group>"; };
		6CEDD13220BD19AD002FB34E /* ConflictResolver.swift */ = {isa = PBXFileReference; fileEncoding = 4; lastKnownFileType = sourcecode.swift; path = ConflictResolver.swift; sourceTree = "<group>"; };
		6CEDD13320BD19AD002FB34E /* Diff.swift */ = {isa = PBXFileReference; fileEncoding = 4; lastKnownFileType = sourcecode.swift; path = Diff.swift; sourceTree = "<group>"; };
		6CEDD13420BD19AD002FB34E /* Diff3.swift */ = {isa = PBXFileReference; fileEncoding = 4; lastKnownFileType = sourcecode.swift; path = Diff3.swift; sourceTree = "<group>"; };
		6CEDD13520BD19AD002FB34E /* NoteSynchronizer.swift */ = {isa = PBXFileReference; fileEncoding = 4; lastKnownFileType = sourcecode.swift; path = NoteSynchronizer.swift; sourceTree = "<group>"; };
		6CEDD13620BD19AD002FB34E /* CloudNotificationCenter.swift */ = {isa = PBXFileReference; fileEncoding = 4; lastKnownFileType = sourcecode.swift; path = CloudNotificationCenter.swift; sourceTree = "<group>"; };
		6CEDD13820BD19AD002FB34E /* Sync.swift */ = {isa = PBXFileReference; fileEncoding = 4; lastKnownFileType = sourcecode.swift; path = Sync.swift; sourceTree = "<group>"; };
		6CEDD14320BD1A17002FB34E /* CKError.swift */ = {isa = PBXFileReference; fileEncoding = 4; lastKnownFileType = sourcecode.swift; path = CKError.swift; sourceTree = "<group>"; };
		6CEDD14520BD1A23002FB34E /* CKAsset+UIImage.swift */ = {isa = PBXFileReference; fileEncoding = 4; lastKnownFileType = sourcecode.swift; path = "CKAsset+UIImage.swift"; sourceTree = "<group>"; };
		6CEDD14620BD1A23002FB34E /* CKDatabaseScope.swift */ = {isa = PBXFileReference; fileEncoding = 4; lastKnownFileType = sourcecode.swift; path = CKDatabaseScope.swift; sourceTree = "<group>"; };
		6CEDD14920BD1A2B002FB34E /* NSObject.swift */ = {isa = PBXFileReference; fileEncoding = 4; lastKnownFileType = sourcecode.swift; path = NSObject.swift; sourceTree = "<group>"; };
		6CEDD14B20BD1ABF002FB34E /* Realm+CloudKit.swift */ = {isa = PBXFileReference; fileEncoding = 4; lastKnownFileType = sourcecode.swift; path = "Realm+CloudKit.swift"; sourceTree = "<group>"; };
		6CEDD14D20BD1B5B002FB34E /* Util.swift */ = {isa = PBXFileReference; fileEncoding = 4; lastKnownFileType = sourcecode.swift; path = Util.swift; sourceTree = "<group>"; };
		6CEDD14F20BD1C75002FB34E /* UIImage+resize.swift */ = {isa = PBXFileReference; fileEncoding = 4; lastKnownFileType = sourcecode.swift; path = "UIImage+resize.swift"; sourceTree = "<group>"; };
		6CEDD15120BD1CF0002FB34E /* ColorManager.swift */ = {isa = PBXFileReference; fileEncoding = 4; lastKnownFileType = sourcecode.swift; path = ColorManager.swift; sourceTree = "<group>"; };
		6CEDD15320BD1CFB002FB34E /* FontManager.swift */ = {isa = PBXFileReference; fileEncoding = 4; lastKnownFileType = sourcecode.swift; path = FontManager.swift; sourceTree = "<group>"; };
		6CEDD15620BD1D2C002FB34E /* CardAttachment.swift */ = {isa = PBXFileReference; fileEncoding = 4; lastKnownFileType = sourcecode.swift; path = CardAttachment.swift; sourceTree = "<group>"; };
		6CEDD15B20BD1D45002FB34E /* DynamicParagraphStyle.swift */ = {isa = PBXFileReference; fileEncoding = 4; lastKnownFileType = sourcecode.swift; path = DynamicParagraphStyle.swift; sourceTree = "<group>"; };
		6CEDD15D20BD1D75002FB34E /* PianoNoteSizeInspector.swift */ = {isa = PBXFileReference; fileEncoding = 4; lastKnownFileType = sourcecode.swift; path = PianoNoteSizeInspector.swift; sourceTree = "<group>"; };
		6CEDD15F20BD1D84002FB34E /* NSAttributedStringKey.swift */ = {isa = PBXFileReference; fileEncoding = 4; lastKnownFileType = sourcecode.swift; path = NSAttributedStringKey.swift; sourceTree = "<group>"; };
		6CEDD16120BD1DEE002FB34E /* AttributeModelConfigurable.swift */ = {isa = PBXFileReference; fileEncoding = 4; lastKnownFileType = sourcecode.swift; path = AttributeModelConfigurable.swift; sourceTree = "<group>"; };
		6CEDD16320BD1F80002FB34E /* Device.swift */ = {isa = PBXFileReference; fileEncoding = 4; lastKnownFileType = sourcecode.swift; path = Device.swift; sourceTree = "<group>"; };
		6CEDD16520BD205A002FB34E /* ModelManager.swift */ = {isa = PBXFileReference; fileEncoding = 4; lastKnownFileType = sourcecode.swift; path = ModelManager.swift; sourceTree = "<group>"; };
		6CEDD16720BD2072002FB34E /* Piano.entitlements */ = {isa = PBXFileReference; lastKnownFileType = text.plist.entitlements; path = Piano.entitlements; sourceTree = "<group>"; };
		6CEDD16820BD2077002FB34E /* CloudKit.framework */ = {isa = PBXFileReference; lastKnownFileType = wrapper.framework; name = CloudKit.framework; path = System/Library/Frameworks/CloudKit.framework; sourceTree = SDKROOT; };
		7C1F8CE520BE22C5001B03AC /* PianoTextView.swift */ = {isa = PBXFileReference; lastKnownFileType = sourcecode.swift; path = PianoTextView.swift; sourceTree = "<group>"; };
		7C1F8CE720BE2AB0001B03AC /* AutoComplete.swift */ = {isa = PBXFileReference; fileEncoding = 4; lastKnownFileType = sourcecode.swift; path = AutoComplete.swift; sourceTree = "<group>"; };
		7C1F8CE820BE2AB0001B03AC /* PianoTextView_AutoCompletable.swift */ = {isa = PBXFileReference; fileEncoding = 4; lastKnownFileType = sourcecode.swift; path = PianoTextView_AutoCompletable.swift; sourceTree = "<group>"; };
		7C1F8CE920BE2AB0001B03AC /* AutoCompletable.swift */ = {isa = PBXFileReference; fileEncoding = 4; lastKnownFileType = sourcecode.swift; path = AutoCompletable.swift; sourceTree = "<group>"; };
		7C1F8CEA20BE2AB0001B03AC /* PianoTextView_TableViewDataSource.swift */ = {isa = PBXFileReference; fileEncoding = 4; lastKnownFileType = sourcecode.swift; path = PianoTextView_TableViewDataSource.swift; sourceTree = "<group>"; };
		7C1F8CF020BE2ACF001B03AC /* AutoCompleteTableViewCell.swift */ = {isa = PBXFileReference; fileEncoding = 4; lastKnownFileType = sourcecode.swift; path = AutoCompleteTableViewCell.swift; sourceTree = "<group>"; };
		7C1F8CF120BE2ACF001B03AC /* AutoCompleteTableViewCell.xib */ = {isa = PBXFileReference; fileEncoding = 4; lastKnownFileType = file.xib; path = AutoCompleteTableViewCell.xib; sourceTree = "<group>"; };
		7C1F8CF220BE2ACF001B03AC /* AutoCompleteTableView.xib */ = {isa = PBXFileReference; fileEncoding = 4; lastKnownFileType = file.xib; path = AutoCompleteTableView.xib; sourceTree = "<group>"; };
		7C1F8CF320BE2ACF001B03AC /* AutoCompleteTableView.swift */ = {isa = PBXFileReference; fileEncoding = 4; lastKnownFileType = sourcecode.swift; path = AutoCompleteTableView.swift; sourceTree = "<group>"; };
		7C1F8CF920BE2D78001B03AC /* DynamicAttachment.swift */ = {isa = PBXFileReference; fileEncoding = 4; lastKnownFileType = sourcecode.swift; path = DynamicAttachment.swift; sourceTree = "<group>"; };
		7C1F8CFB20BE31C9001B03AC /* NSAttributedString_extension.swift */ = {isa = PBXFileReference; lastKnownFileType = sourcecode.swift; path = NSAttributedString_extension.swift; sourceTree = "<group>"; };
		7C1F8CFD20BE31EE001B03AC /* NSRange_extension.swift */ = {isa = PBXFileReference; lastKnownFileType = sourcecode.swift; path = NSRange_extension.swift; sourceTree = "<group>"; };
		7C1F8CFF20BE337A001B03AC /* PianoAttributes.swift */ = {isa = PBXFileReference; fileEncoding = 4; lastKnownFileType = sourcecode.swift; path = PianoAttributes.swift; sourceTree = "<group>"; };
		7C1F8D0120BE3567001B03AC /* PianoView.xib */ = {isa = PBXFileReference; fileEncoding = 4; lastKnownFileType = file.xib; path = PianoView.xib; sourceTree = "<group>"; };
		7C1F8D0320BE3573001B03AC /* Pianoable.swift */ = {isa = PBXFileReference; fileEncoding = 4; lastKnownFileType = sourcecode.swift; path = Pianoable.swift; sourceTree = "<group>"; };
		7C1F8D0520BE35B1001B03AC /* PianoTextView_Pianoable.swift */ = {isa = PBXFileReference; fileEncoding = 4; lastKnownFileType = sourcecode.swift; path = PianoTextView_Pianoable.swift; sourceTree = "<group>"; };
		7C1F8D0720BE35CF001B03AC /* PianoSetup.swift */ = {isa = PBXFileReference; fileEncoding = 4; lastKnownFileType = sourcecode.swift; path = PianoSetup.swift; sourceTree = "<group>"; };
		7C1F8D0920BE35E0001B03AC /* AnimatableText.swift */ = {isa = PBXFileReference; fileEncoding = 4; lastKnownFileType = sourcecode.swift; path = AnimatableText.swift; sourceTree = "<group>"; };
		7C1F8D0B20BE35E6001B03AC /* PianoResult.swift */ = {isa = PBXFileReference; fileEncoding = 4; lastKnownFileType = sourcecode.swift; path = PianoResult.swift; sourceTree = "<group>"; };
		7C1F8D0D20BE35EE001B03AC /* PianoControl.xib */ = {isa = PBXFileReference; fileEncoding = 4; lastKnownFileType = file.xib; path = PianoControl.xib; sourceTree = "<group>"; };
		7C1F8D0E20BE35EE001B03AC /* PianoControl.swift */ = {isa = PBXFileReference; fileEncoding = 4; lastKnownFileType = sourcecode.swift; path = PianoControl.swift; sourceTree = "<group>"; };
		7C1F8D1120BE3611001B03AC /* PianoCoverView.xib */ = {isa = PBXFileReference; fileEncoding = 4; lastKnownFileType = file.xib; path = PianoCoverView.xib; sourceTree = "<group>"; };
		7C1F8D1220BE3611001B03AC /* TextAnimatable.swift */ = {isa = PBXFileReference; fileEncoding = 4; lastKnownFileType = sourcecode.swift; path = TextAnimatable.swift; sourceTree = "<group>"; };
		7C1F8D1520BE3779001B03AC /* PianoCoverView.swift */ = {isa = PBXFileReference; lastKnownFileType = sourcecode.swift; path = PianoCoverView.swift; sourceTree = "<group>"; };
		7C1F8D1720BE383D001B03AC /* ConstraintIdentifier.swift */ = {isa = PBXFileReference; fileEncoding = 4; lastKnownFileType = sourcecode.swift; path = ConstraintIdentifier.swift; sourceTree = "<group>"; };
		7C2F5F2220BF8CC20005B112 /* NoteGestureRecognizer.swift */ = {isa = PBXFileReference; lastKnownFileType = sourcecode.swift; path = NoteGestureRecognizer.swift; sourceTree = "<group>"; };
		7C415C7D20BCA99A00B9F8DC /* LicenseViewController.swift */ = {isa = PBXFileReference; lastKnownFileType = sourcecode.swift; path = LicenseViewController.swift; sourceTree = "<group>"; };
		7C415C8020BCAAD400B9F8DC /* String_extension.swift */ = {isa = PBXFileReference; lastKnownFileType = sourcecode.swift; path = String_extension.swift; sourceTree = "<group>"; };
		7C415C8720BCB30000B9F8DC /* AppNavigator.swift */ = {isa = PBXFileReference; lastKnownFileType = sourcecode.swift; path = AppNavigator.swift; sourceTree = "<group>"; };
		7C415C8A20BCBBB300B9F8DC /* AttachmentViewController.swift */ = {isa = PBXFileReference; lastKnownFileType = sourcecode.swift; path = AttachmentViewController.swift; sourceTree = "<group>"; };
		7C601E0B20B460EE00A707A0 /* CategoryCustomTagCell.swift */ = {isa = PBXFileReference; lastKnownFileType = sourcecode.swift; path = CategoryCustomTagCell.swift; sourceTree = "<group>"; };
		7C601E0D20B4619000A707A0 /* CategoryNotificationCell.swift */ = {isa = PBXFileReference; lastKnownFileType = sourcecode.swift; path = CategoryNotificationCell.swift; sourceTree = "<group>"; };
		7C601E0F20B461DF00A707A0 /* CategoryLinkCell.swift */ = {isa = PBXFileReference; lastKnownFileType = sourcecode.swift; path = CategoryLinkCell.swift; sourceTree = "<group>"; };
		7C601E1120B4620500A707A0 /* CategoryExtraCell.swift */ = {isa = PBXFileReference; lastKnownFileType = sourcecode.swift; path = CategoryExtraCell.swift; sourceTree = "<group>"; };
		7C64F8A420B5B66600FAC0E3 /* CollectionDatable.swift */ = {isa = PBXFileReference; lastKnownFileType = sourcecode.swift; path = CollectionDatable.swift; sourceTree = "<group>"; };
		7C64F8A820B61DF000FAC0E3 /* NotePeriodReusableView.swift */ = {isa = PBXFileReference; lastKnownFileType = sourcecode.swift; path = NotePeriodReusableView.swift; sourceTree = "<group>"; };
		7C64F8AB20B61EAC00FAC0E3 /* NoteCreateCell.swift */ = {isa = PBXFileReference; lastKnownFileType = sourcecode.swift; path = NoteCreateCell.swift; sourceTree = "<group>"; };
		7C64F8AD20B61F6600FAC0E3 /* NoteCalendarCell.swift */ = {isa = PBXFileReference; lastKnownFileType = sourcecode.swift; path = NoteCalendarCell.swift; sourceTree = "<group>"; };
		7C64F8AF20B6200100FAC0E3 /* NoteCell.swift */ = {isa = PBXFileReference; lastKnownFileType = sourcecode.swift; path = NoteCell.swift; sourceTree = "<group>"; };
		7C64F8B120B67FD000FAC0E3 /* DateFormatter_extension.swift */ = {isa = PBXFileReference; lastKnownFileType = sourcecode.swift; path = DateFormatter_extension.swift; sourceTree = "<group>"; };
		7C71F7C120A729DF007DB646 /* Piano.app */ = {isa = PBXFileReference; explicitFileType = wrapper.application; includeInIndex = 0; path = Piano.app; sourceTree = BUILT_PRODUCTS_DIR; };
		7C71F7C420A729DF007DB646 /* AppDelegate.swift */ = {isa = PBXFileReference; lastKnownFileType = sourcecode.swift; path = AppDelegate.swift; sourceTree = "<group>"; };
		7C71F7C920A729DF007DB646 /* Base */ = {isa = PBXFileReference; lastKnownFileType = file.storyboard; name = Base; path = Base.lproj/Main.storyboard; sourceTree = "<group>"; };
		7C71F7CB20A729E0007DB646 /* Assets.xcassets */ = {isa = PBXFileReference; lastKnownFileType = folder.assetcatalog; path = Assets.xcassets; sourceTree = "<group>"; };
		7C71F7CE20A729E0007DB646 /* Base */ = {isa = PBXFileReference; lastKnownFileType = file.storyboard; name = Base; path = Base.lproj/LaunchScreen.storyboard; sourceTree = "<group>"; };
		7C71F7D020A729E0007DB646 /* Info.plist */ = {isa = PBXFileReference; lastKnownFileType = text.plist.xml; path = Info.plist; sourceTree = "<group>"; };
		7C79C4BA20BD70F5006249CD /* Date_extension.swift */ = {isa = PBXFileReference; lastKnownFileType = sourcecode.swift; path = Date_extension.swift; sourceTree = "<group>"; };
		7C7C9C1A20B39535004B8994 /* StatusBarView.xib */ = {isa = PBXFileReference; fileEncoding = 4; lastKnownFileType = file.xib; path = StatusBarView.xib; sourceTree = "<group>"; };
		7C7C9C1B20B39535004B8994 /* StatusBarView.swift */ = {isa = PBXFileReference; fileEncoding = 4; lastKnownFileType = sourcecode.swift; path = StatusBarView.swift; sourceTree = "<group>"; };
		7C7C9C1C20B39535004B8994 /* TransParentNavigationController.swift */ = {isa = PBXFileReference; fileEncoding = 4; lastKnownFileType = sourcecode.swift; path = TransParentNavigationController.swift; sourceTree = "<group>"; };
		7C7C9C2020B3955A004B8994 /* UIView_extension.swift */ = {isa = PBXFileReference; fileEncoding = 4; lastKnownFileType = sourcecode.swift; path = UIView_extension.swift; sourceTree = "<group>"; };
		7C7C9C2120B3955A004B8994 /* View_extension.swift */ = {isa = PBXFileReference; fileEncoding = 4; lastKnownFileType = sourcecode.swift; path = View_extension.swift; sourceTree = "<group>"; };
		7C7C9C2520B39579004B8994 /* iOS.swift */ = {isa = PBXFileReference; fileEncoding = 4; lastKnownFileType = sourcecode.swift; path = iOS.swift; sourceTree = "<group>"; };
		7C7C9C2820B3BD6A004B8994 /* NoteListViewController.swift */ = {isa = PBXFileReference; lastKnownFileType = sourcecode.swift; path = NoteListViewController.swift; sourceTree = "<group>"; };
		7C7C9C2A20B3BD84004B8994 /* CategoryListViewController.swift */ = {isa = PBXFileReference; lastKnownFileType = sourcecode.swift; path = CategoryListViewController.swift; sourceTree = "<group>"; };
		7C7C9C2C20B3BDA2004B8994 /* NoteViewController.swift */ = {isa = PBXFileReference; lastKnownFileType = sourcecode.swift; path = NoteViewController.swift; sourceTree = "<group>"; };
		7C7C9C3220B3D3F6004B8994 /* SearchViewController.swift */ = {isa = PBXFileReference; lastKnownFileType = sourcecode.swift; path = SearchViewController.swift; sourceTree = "<group>"; };
		7C7C9C4020B402AF004B8994 /* UsageViewController.swift */ = {isa = PBXFileReference; lastKnownFileType = sourcecode.swift; path = UsageViewController.swift; sourceTree = "<group>"; };
		7C7C9C4220B402D9004B8994 /* UsageListViewController.swift */ = {isa = PBXFileReference; lastKnownFileType = sourcecode.swift; path = UsageListViewController.swift; sourceTree = "<group>"; };
		7C7C9C4420B402F0004B8994 /* SubscribeViewController.swift */ = {isa = PBXFileReference; lastKnownFileType = sourcecode.swift; path = SubscribeViewController.swift; sourceTree = "<group>"; };
		7C7C9C4620B40586004B8994 /* CustomFormatViewController.swift */ = {isa = PBXFileReference; lastKnownFileType = sourcecode.swift; path = CustomFormatViewController.swift; sourceTree = "<group>"; };
		7C7C9C4820B45D42004B8994 /* CategoryDefaultTagCell.swift */ = {isa = PBXFileReference; lastKnownFileType = sourcecode.swift; path = CategoryDefaultTagCell.swift; sourceTree = "<group>"; };
		7CB5E9A920B9312D00B42A55 /* CategoryTitleReusableView.swift */ = {isa = PBXFileReference; lastKnownFileType = sourcecode.swift; path = CategoryTitleReusableView.swift; sourceTree = "<group>"; };
		7CB5E9AC20B9513C00B42A55 /* PianoSegmentControl.swift */ = {isa = PBXFileReference; lastKnownFileType = sourcecode.swift; path = PianoSegmentControl.swift; sourceTree = "<group>"; };
		7CB5E9B020B9518800B42A55 /* PianoSegmentControl.xib */ = {isa = PBXFileReference; lastKnownFileType = file.xib; path = PianoSegmentControl.xib; sourceTree = "<group>"; };
		7CB5E9B220B953F800B42A55 /* Button_extension.swift */ = {isa = PBXFileReference; lastKnownFileType = sourcecode.swift; path = Button_extension.swift; sourceTree = "<group>"; };
		7CB5E9B420B9547000B42A55 /* TestViewController.swift */ = {isa = PBXFileReference; lastKnownFileType = sourcecode.swift; path = TestViewController.swift; sourceTree = "<group>"; };
		7CB5E9B620B9777A00B42A55 /* UIViewController_extension.swift */ = {isa = PBXFileReference; lastKnownFileType = sourcecode.swift; path = UIViewController_extension.swift; sourceTree = "<group>"; };
		7CB5E9B820BA997D00B42A55 /* Linkable.swift */ = {isa = PBXFileReference; lastKnownFileType = sourcecode.swift; path = Linkable.swift; sourceTree = "<group>"; };
		7CB5E9BF20BB6B6B00B42A55 /* Color_extension.swift */ = {isa = PBXFileReference; lastKnownFileType = sourcecode.swift; path = Color_extension.swift; sourceTree = "<group>"; };
		7CB5E9C120BB6ED100B42A55 /* PianoView.swift */ = {isa = PBXFileReference; lastKnownFileType = sourcecode.swift; path = PianoView.swift; sourceTree = "<group>"; };
		7CB5E9C420BBFC5100B42A55 /* NoteListViewController_extension.swift */ = {isa = PBXFileReference; lastKnownFileType = sourcecode.swift; path = NoteListViewController_extension.swift; sourceTree = "<group>"; };
		7CB5E9C620BBFC8A00B42A55 /* CategoryListViewController_extension.swift */ = {isa = PBXFileReference; lastKnownFileType = sourcecode.swift; path = CategoryListViewController_extension.swift; sourceTree = "<group>"; };
		7CB5E9C820BBFD0900B42A55 /* UICollectionView_extension.swift */ = {isa = PBXFileReference; lastKnownFileType = sourcecode.swift; path = UICollectionView_extension.swift; sourceTree = "<group>"; };
		7CB5E9CC20BC00C600B42A55 /* DeletedNoteCell.swift */ = {isa = PBXFileReference; lastKnownFileType = sourcecode.swift; path = DeletedNoteCell.swift; sourceTree = "<group>"; };
		7CB5E9CE20BC00E800B42A55 /* LockedNoteCell.swift */ = {isa = PBXFileReference; lastKnownFileType = sourcecode.swift; path = LockedNoteCell.swift; sourceTree = "<group>"; };
		B1C004A8803023887369302C /* Pods_Piano.framework */ = {isa = PBXFileReference; explicitFileType = wrapper.framework; includeInIndex = 0; path = Pods_Piano.framework; sourceTree = BUILT_PRODUCTS_DIR; };
		C60C8955B72E733BB2089CFF /* Pods-Piano.debug.xcconfig */ = {isa = PBXFileReference; includeInIndex = 1; lastKnownFileType = text.xcconfig; name = "Pods-Piano.debug.xcconfig"; path = "Pods/Target Support Files/Pods-Piano/Pods-Piano.debug.xcconfig"; sourceTree = "<group>"; };
/* End PBXFileReference section */

/* Begin PBXFrameworksBuildPhase section */
		7C71F7BE20A729DF007DB646 /* Frameworks */ = {
			isa = PBXFrameworksBuildPhase;
			buildActionMask = 2147483647;
			files = (
				6CDF3F4D20BD250E00C28918 /* DynamicTextEngine_iOS.framework in Frameworks */,
				6CEDD16920BD2077002FB34E /* CloudKit.framework in Frameworks */,
				56004718BFACAB4352342344 /* Pods_Piano.framework in Frameworks */,
			);
			runOnlyForDeploymentPostprocessing = 0;
		};
/* End PBXFrameworksBuildPhase section */

/* Begin PBXGroup section */
		50353EF5727C875D751552E7 /* Frameworks */ = {
			isa = PBXGroup;
			children = (
				6CEDD16820BD2077002FB34E /* CloudKit.framework */,
				B1C004A8803023887369302C /* Pods_Piano.framework */,
			);
			name = Frameworks;
			sourceTree = "<group>";
		};
		6CEDD11620BD188C002FB34E /* Util */ = {
			isa = PBXGroup;
			children = (
				6CEDD14D20BD1B5B002FB34E /* Util.swift */,
				6CEDD16520BD205A002FB34E /* ModelManager.swift */,
				6CEDD15120BD1CF0002FB34E /* ColorManager.swift */,
				6CEDD15320BD1CFB002FB34E /* FontManager.swift */,
				6CEDD12B20BD19AD002FB34E /* CloudModels */,
				6CEDD12620BD19A5002FB34E /* AttributeModel */,
				6CEDD11720BD18A0002FB34E /* RealmModels */,
				6CEDD15520BD1D2C002FB34E /* TextEngineModels */,
			);
			path = Util;
			sourceTree = "<group>";
		};
		6CEDD11720BD18A0002FB34E /* RealmModels */ = {
			isa = PBXGroup;
			children = (
				6CEDD11820BD18A0002FB34E /* LocalImageCache.swift */,
				6CEDD11920BD18A0002FB34E /* RealmDataModel.swift */,
				6CEDD11A20BD18A0002FB34E /* RealmCardDataModels.swift */,
				6CEDD11B20BD18A0002FB34E /* RealmImageObserver.swift */,
				6CEDD11C20BD18A0002FB34E /* LocalDatabase.swift */,
			);
			path = RealmModels;
			sourceTree = "<group>";
		};
		6CEDD12620BD19A5002FB34E /* AttributeModel */ = {
			isa = PBXGroup;
			children = (
				6CEDD12720BD19A5002FB34E /* FontAttribute.swift */,
				6CEDD12820BD19A5002FB34E /* AttributeModel.swift */,
			);
			path = AttributeModel;
			sourceTree = "<group>";
		};
		6CEDD12B20BD19AD002FB34E /* CloudModels */ = {
			isa = PBXGroup;
			children = (
				6CEDD13720BD19AD002FB34E /* Sync */,
				6CEDD12C20BD19AD002FB34E /* Database */,
				6CEDD13120BD19AD002FB34E /* Merge */,
				6CEDD13020BD19AD002FB34E /* CloudManager.swift */,
				6CEDD13620BD19AD002FB34E /* CloudNotificationCenter.swift */,
			);
			path = CloudModels;
			sourceTree = "<group>";
		};
		6CEDD12C20BD19AD002FB34E /* Database */ = {
			isa = PBXGroup;
			children = (
				6CEDD12D20BD19AD002FB34E /* CloudDatabase.swift */,
				6CEDD12E20BD19AD002FB34E /* RxCloudDatabase_Subscription.swift */,
				6CEDD12F20BD19AD002FB34E /* RxCloudDatabase.swift */,
			);
			path = Database;
			sourceTree = "<group>";
		};
		6CEDD13120BD19AD002FB34E /* Merge */ = {
			isa = PBXGroup;
			children = (
				6CEDD13220BD19AD002FB34E /* ConflictResolver.swift */,
				6CEDD13320BD19AD002FB34E /* Diff.swift */,
				6CEDD13420BD19AD002FB34E /* Diff3.swift */,
				6CEDD13520BD19AD002FB34E /* NoteSynchronizer.swift */,
			);
			path = Merge;
			sourceTree = "<group>";
		};
		6CEDD13720BD19AD002FB34E /* Sync */ = {
			isa = PBXGroup;
			children = (
				6CEDD13820BD19AD002FB34E /* Sync.swift */,
			);
			path = Sync;
			sourceTree = "<group>";
		};
		6CEDD15520BD1D2C002FB34E /* TextEngineModels */ = {
			isa = PBXGroup;
			children = (
				6CEDD16120BD1DEE002FB34E /* AttributeModelConfigurable.swift */,
				6CEDD15D20BD1D75002FB34E /* PianoNoteSizeInspector.swift */,
				6CEDD15B20BD1D45002FB34E /* DynamicParagraphStyle.swift */,
				6CEDD15620BD1D2C002FB34E /* CardAttachment.swift */,
			);
			path = TextEngineModels;
			sourceTree = "<group>";
		};
		7C1F8CEF20BE2AB7001B03AC /* Assistable */ = {
			isa = PBXGroup;
			children = (
				7C1F8CE920BE2AB0001B03AC /* AutoCompletable.swift */,
				7C1F8CEA20BE2AB0001B03AC /* PianoTextView_TableViewDataSource.swift */,
				7C1F8CE820BE2AB0001B03AC /* PianoTextView_AutoCompletable.swift */,
				7C1F8CE720BE2AB0001B03AC /* AutoComplete.swift */,
				7C1F8CF920BE2D78001B03AC /* DynamicAttachment.swift */,
				7C1F8CF820BE2AD4001B03AC /* AutoCompleteTableView */,
			);
			path = Assistable;
			sourceTree = "<group>";
		};
		7C1F8CF820BE2AD4001B03AC /* AutoCompleteTableView */ = {
			isa = PBXGroup;
			children = (
				7C1F8CF320BE2ACF001B03AC /* AutoCompleteTableView.swift */,
				7C1F8CF220BE2ACF001B03AC /* AutoCompleteTableView.xib */,
				7C1F8CF020BE2ACF001B03AC /* AutoCompleteTableViewCell.swift */,
				7C1F8CF120BE2ACF001B03AC /* AutoCompleteTableViewCell.xib */,
			);
			path = AutoCompleteTableView;
			sourceTree = "<group>";
		};
		7C415C7F20BCA9A100B9F8DC /* LicenseViewController */ = {
			isa = PBXGroup;
			children = (
				7C415C7D20BCA99A00B9F8DC /* LicenseViewController.swift */,
			);
			path = LicenseViewController;
			sourceTree = "<group>";
		};
		7C415C8220BCADC100B9F8DC /* SearchViewController */ = {
			isa = PBXGroup;
			children = (
				7C7C9C3220B3D3F6004B8994 /* SearchViewController.swift */,
			);
			path = SearchViewController;
			sourceTree = "<group>";
		};
		7C415C8320BCADD300B9F8DC /* UsageListViewController */ = {
			isa = PBXGroup;
			children = (
				7C7C9C4220B402D9004B8994 /* UsageListViewController.swift */,
			);
			path = UsageListViewController;
			sourceTree = "<group>";
		};
		7C415C8420BCADDC00B9F8DC /* UsageViewController */ = {
			isa = PBXGroup;
			children = (
				7C7C9C4020B402AF004B8994 /* UsageViewController.swift */,
			);
			path = UsageViewController;
			sourceTree = "<group>";
		};
		7C415C8520BCADF500B9F8DC /* SubscribeViewController */ = {
			isa = PBXGroup;
			children = (
				7C7C9C4420B402F0004B8994 /* SubscribeViewController.swift */,
			);
			path = SubscribeViewController;
			sourceTree = "<group>";
		};
		7C415C8620BCADFC00B9F8DC /* CustomFormatViewController */ = {
			isa = PBXGroup;
			children = (
				7C7C9C4620B40586004B8994 /* CustomFormatViewController.swift */,
			);
			path = CustomFormatViewController;
			sourceTree = "<group>";
		};
		7C415C8920BCB30F00B9F8DC /* Common */ = {
			isa = PBXGroup;
			children = (
				7C415C8720BCB30000B9F8DC /* AppNavigator.swift */,
			);
			path = Common;
			sourceTree = "<group>";
		};
		7C415C8C20BCBBE300B9F8DC /* AttachmentViewController */ = {
			isa = PBXGroup;
			children = (
				7C415C8A20BCBBB300B9F8DC /* AttachmentViewController.swift */,
			);
			path = AttachmentViewController;
			sourceTree = "<group>";
		};
		7C64F8A620B5B67700FAC0E3 /* Protocol */ = {
			isa = PBXGroup;
			children = (
				7C64F8A420B5B66600FAC0E3 /* CollectionDatable.swift */,
				7CB5E9B820BA997D00B42A55 /* Linkable.swift */,
			);
			path = Protocol;
			sourceTree = "<group>";
		};
		7C64F8A720B61C0A00FAC0E3 /* CategoryListViewController */ = {
			isa = PBXGroup;
			children = (
				7C7C9C2A20B3BD84004B8994 /* CategoryListViewController.swift */,
				7CB5E9C620BBFC8A00B42A55 /* CategoryListViewController_extension.swift */,
				7CB5E9A920B9312D00B42A55 /* CategoryTitleReusableView.swift */,
				7C7C9C4820B45D42004B8994 /* CategoryDefaultTagCell.swift */,
				7C601E0B20B460EE00A707A0 /* CategoryCustomTagCell.swift */,
				7C601E0D20B4619000A707A0 /* CategoryNotificationCell.swift */,
				7C601E0F20B461DF00A707A0 /* CategoryLinkCell.swift */,
				7C601E1120B4620500A707A0 /* CategoryExtraCell.swift */,
			);
			path = CategoryListViewController;
			sourceTree = "<group>";
		};
		7C64F8AA20B61DF700FAC0E3 /* NoteListViewController */ = {
			isa = PBXGroup;
			children = (
				7C7C9C2820B3BD6A004B8994 /* NoteListViewController.swift */,
				7CB5E9C420BBFC5100B42A55 /* NoteListViewController_extension.swift */,
				7C64F8A820B61DF000FAC0E3 /* NotePeriodReusableView.swift */,
				7C64F8AB20B61EAC00FAC0E3 /* NoteCreateCell.swift */,
				7C64F8AD20B61F6600FAC0E3 /* NoteCalendarCell.swift */,
				7C64F8AF20B6200100FAC0E3 /* NoteCell.swift */,
				7CB5E9CC20BC00C600B42A55 /* DeletedNoteCell.swift */,
				7CB5E9CE20BC00E800B42A55 /* LockedNoteCell.swift */,
				7C2F5F2220BF8CC20005B112 /* NoteGestureRecognizer.swift */,
			);
			path = NoteListViewController;
			sourceTree = "<group>";
		};
		7C71F7B820A729DF007DB646 = {
			isa = PBXGroup;
			children = (
				6CDF3F4C20BD250E00C28918 /* DynamicTextEngine_iOS.framework */,
				7C71F7C320A729DF007DB646 /* Piano */,
				7C71F7C220A729DF007DB646 /* Products */,
				7C805A476C3C3B619DD28424 /* Pods */,
				50353EF5727C875D751552E7 /* Frameworks */,
			);
			sourceTree = "<group>";
		};
		7C71F7C220A729DF007DB646 /* Products */ = {
			isa = PBXGroup;
			children = (
				7C71F7C120A729DF007DB646 /* Piano.app */,
			);
			name = Products;
			sourceTree = "<group>";
		};
		7C71F7C320A729DF007DB646 /* Piano */ = {
			isa = PBXGroup;
			children = (
				6CEDD16720BD2072002FB34E /* Piano.entitlements */,
				6CEDD11620BD188C002FB34E /* Util */,
				7C71F7C420A729DF007DB646 /* AppDelegate.swift */,
				7CB5E9B420B9547000B42A55 /* TestViewController.swift */,
				7C64F8A720B61C0A00FAC0E3 /* CategoryListViewController */,
				7C64F8AA20B61DF700FAC0E3 /* NoteListViewController */,
				7C415C8C20BCBBE300B9F8DC /* AttachmentViewController */,
				7CB5E9AB20B94F5300B42A55 /* NoteViewController */,
				7C415C7F20BCA9A100B9F8DC /* LicenseViewController */,
				7C415C8220BCADC100B9F8DC /* SearchViewController */,
				7C415C8320BCADD300B9F8DC /* UsageListViewController */,
				7C415C8420BCADDC00B9F8DC /* UsageViewController */,
				7C415C8520BCADF500B9F8DC /* SubscribeViewController */,
				7C415C8620BCADFC00B9F8DC /* CustomFormatViewController */,
				7C7C9C2720B395A0004B8994 /* NavigationController */,
				7C64F8A620B5B67700FAC0E3 /* Protocol */,
				7C415C8920BCB30F00B9F8DC /* Common */,
				7CB5E9BE20BB678E00B42A55 /* View */,
				7C7C9C2420B3955E004B8994 /* Extension */,
				7C71F7C820A729DF007DB646 /* Main.storyboard */,
				7C71F7CB20A729E0007DB646 /* Assets.xcassets */,
				7C71F7CD20A729E0007DB646 /* LaunchScreen.storyboard */,
				7C71F7D020A729E0007DB646 /* Info.plist */,
			);
			path = Piano;
			sourceTree = "<group>";
		};
		7C7C9C2420B3955E004B8994 /* Extension */ = {
			isa = PBXGroup;
			children = (
				6CEDD16320BD1F80002FB34E /* Device.swift */,
				6CEDD15F20BD1D84002FB34E /* NSAttributedStringKey.swift */,
				6CEDD14F20BD1C75002FB34E /* UIImage+resize.swift */,
				6CEDD14B20BD1ABF002FB34E /* Realm+CloudKit.swift */,
				6CEDD14920BD1A2B002FB34E /* NSObject.swift */,
				6CEDD14520BD1A23002FB34E /* CKAsset+UIImage.swift */,
				6CEDD14620BD1A23002FB34E /* CKDatabaseScope.swift */,
				6CEDD14320BD1A17002FB34E /* CKError.swift */,
				7C7C9C2520B39579004B8994 /* iOS.swift */,
				7C7C9C2020B3955A004B8994 /* UIView_extension.swift */,
				7C7C9C2120B3955A004B8994 /* View_extension.swift */,
				7CB5E9BF20BB6B6B00B42A55 /* Color_extension.swift */,
				7C64F8B120B67FD000FAC0E3 /* DateFormatter_extension.swift */,
				7CB5E9B220B953F800B42A55 /* Button_extension.swift */,
				7CB5E9B620B9777A00B42A55 /* UIViewController_extension.swift */,
				7CB5E9C820BBFD0900B42A55 /* UICollectionView_extension.swift */,
				7C415C8020BCAAD400B9F8DC /* String_extension.swift */,
				7C79C4BA20BD70F5006249CD /* Date_extension.swift */,
				7C1F8CFB20BE31C9001B03AC /* NSAttributedString_extension.swift */,
				7C1F8CFD20BE31EE001B03AC /* NSRange_extension.swift */,
			);
			path = Extension;
			sourceTree = "<group>";
		};
		7C7C9C2720B395A0004B8994 /* NavigationController */ = {
			isa = PBXGroup;
			children = (
				7C7C9C1C20B39535004B8994 /* TransParentNavigationController.swift */,
				7C7C9C1A20B39535004B8994 /* StatusBarView.xib */,
				7C7C9C1B20B39535004B8994 /* StatusBarView.swift */,
			);
			path = NavigationController;
			sourceTree = "<group>";
		};
		7C805A476C3C3B619DD28424 /* Pods */ = {
			isa = PBXGroup;
			children = (
				C60C8955B72E733BB2089CFF /* Pods-Piano.debug.xcconfig */,
				5330C18E5AE13D724B6D77DC /* Pods-Piano.release.xcconfig */,
			);
			name = Pods;
			sourceTree = "<group>";
		};
		7CB5E9AB20B94F5300B42A55 /* NoteViewController */ = {
			isa = PBXGroup;
			children = (
				7C7C9C2C20B3BDA2004B8994 /* NoteViewController.swift */,
				7C1F8CE520BE22C5001B03AC /* PianoTextView.swift */,
				7C1F8D0520BE35B1001B03AC /* PianoTextView_Pianoable.swift */,
				7CB5E9C320BB6ED900B42A55 /* Pianoable */,
				7C1F8CEF20BE2AB7001B03AC /* Assistable */,
			);
			path = NoteViewController;
			sourceTree = "<group>";
		};
		7CB5E9BE20BB678E00B42A55 /* View */ = {
			isa = PBXGroup;
			children = (
			);
			path = View;
			sourceTree = "<group>";
		};
		7CB5E9C320BB6ED900B42A55 /* Pianoable */ = {
			isa = PBXGroup;
			children = (
				7C1F8D0320BE3573001B03AC /* Pianoable.swift */,
				7CB5E9AC20B9513C00B42A55 /* PianoSegmentControl.swift */,
				7CB5E9B020B9518800B42A55 /* PianoSegmentControl.xib */,
				7C1F8D0120BE3567001B03AC /* PianoView.xib */,
				7CB5E9C120BB6ED100B42A55 /* PianoView.swift */,
				7C1F8D0720BE35CF001B03AC /* PianoSetup.swift */,
				7C1F8D0B20BE35E6001B03AC /* PianoResult.swift */,
				7C1F8D0920BE35E0001B03AC /* AnimatableText.swift */,
				7C1F8CFF20BE337A001B03AC /* PianoAttributes.swift */,
				7C1F8D0D20BE35EE001B03AC /* PianoControl.xib */,
				7C1F8D0E20BE35EE001B03AC /* PianoControl.swift */,
				7C1F8D1120BE3611001B03AC /* PianoCoverView.xib */,
				7C1F8D1520BE3779001B03AC /* PianoCoverView.swift */,
				7C1F8D1220BE3611001B03AC /* TextAnimatable.swift */,
				7C1F8D1720BE383D001B03AC /* ConstraintIdentifier.swift */,
			);
			path = Pianoable;
			sourceTree = "<group>";
		};
/* End PBXGroup section */

/* Begin PBXNativeTarget section */
		7C71F7C020A729DF007DB646 /* Piano */ = {
			isa = PBXNativeTarget;
			buildConfigurationList = 7C71F7D320A729E0007DB646 /* Build configuration list for PBXNativeTarget "Piano" */;
			buildPhases = (
				7CE6755C44B854D01B68109C /* [CP] Check Pods Manifest.lock */,
				7C71F7BD20A729DF007DB646 /* Sources */,
				7C71F7BE20A729DF007DB646 /* Frameworks */,
				7C71F7BF20A729DF007DB646 /* Resources */,
				4391EC9517EB694032058252 /* [CP] Embed Pods Frameworks */,
				6CDF3F4F20BD250E00C28918 /* Embed Frameworks */,
			);
			buildRules = (
			);
			dependencies = (
			);
			name = Piano;
			productName = Piano;
			productReference = 7C71F7C120A729DF007DB646 /* Piano.app */;
			productType = "com.apple.product-type.application";
		};
/* End PBXNativeTarget section */

/* Begin PBXProject section */
		7C71F7B920A729DF007DB646 /* Project object */ = {
			isa = PBXProject;
			attributes = {
				LastSwiftUpdateCheck = 0930;
				LastUpgradeCheck = 0930;
				ORGANIZATIONNAME = Piano;
				TargetAttributes = {
					7C71F7C020A729DF007DB646 = {
						CreatedOnToolsVersion = 9.3;
						SystemCapabilities = {
							com.apple.BackgroundModes = {
								enabled = 1;
							};
							com.apple.Push = {
								enabled = 1;
							};
							com.apple.iCloud = {
								enabled = 1;
							};
						};
					};
				};
			};
			buildConfigurationList = 7C71F7BC20A729DF007DB646 /* Build configuration list for PBXProject "Piano" */;
			compatibilityVersion = "Xcode 9.3";
			developmentRegion = en;
			hasScannedForEncodings = 0;
			knownRegions = (
				en,
				Base,
			);
			mainGroup = 7C71F7B820A729DF007DB646;
			productRefGroup = 7C71F7C220A729DF007DB646 /* Products */;
			projectDirPath = "";
			projectRoot = "";
			targets = (
				7C71F7C020A729DF007DB646 /* Piano */,
			);
		};
/* End PBXProject section */

/* Begin PBXResourcesBuildPhase section */
		7C71F7BF20A729DF007DB646 /* Resources */ = {
			isa = PBXResourcesBuildPhase;
			buildActionMask = 2147483647;
			files = (
				7C1F8D0220BE3567001B03AC /* PianoView.xib in Resources */,
				7C71F7CF20A729E0007DB646 /* LaunchScreen.storyboard in Resources */,
				7C71F7CC20A729E0007DB646 /* Assets.xcassets in Resources */,
				7C1F8D0F20BE35EE001B03AC /* PianoControl.xib in Resources */,
				7C1F8CF520BE2ACF001B03AC /* AutoCompleteTableViewCell.xib in Resources */,
				7CB5E9B120B9518800B42A55 /* PianoSegmentControl.xib in Resources */,
				7C7C9C1D20B39535004B8994 /* StatusBarView.xib in Resources */,
				7C71F7CA20A729DF007DB646 /* Main.storyboard in Resources */,
				7C1F8D1320BE3611001B03AC /* PianoCoverView.xib in Resources */,
				7C1F8CF620BE2ACF001B03AC /* AutoCompleteTableView.xib in Resources */,
			);
			runOnlyForDeploymentPostprocessing = 0;
		};
/* End PBXResourcesBuildPhase section */

/* Begin PBXShellScriptBuildPhase section */
		4391EC9517EB694032058252 /* [CP] Embed Pods Frameworks */ = {
			isa = PBXShellScriptBuildPhase;
			buildActionMask = 2147483647;
			files = (
			);
			inputPaths = (
				"${SRCROOT}/Pods/Target Support Files/Pods-Piano/Pods-Piano-frameworks.sh",
				"${BUILT_PRODUCTS_DIR}/CryptoSwift/CryptoSwift.framework",
				"${BUILT_PRODUCTS_DIR}/Realm/Realm.framework",
				"${BUILT_PRODUCTS_DIR}/RealmSwift/RealmSwift.framework",
				"${BUILT_PRODUCTS_DIR}/RxCocoa/RxCocoa.framework",
				"${BUILT_PRODUCTS_DIR}/RxSwift/RxSwift.framework",
				"${BUILT_PRODUCTS_DIR}/SnapKit/SnapKit.framework",
			);
			name = "[CP] Embed Pods Frameworks";
			outputPaths = (
				"${TARGET_BUILD_DIR}/${FRAMEWORKS_FOLDER_PATH}/CryptoSwift.framework",
				"${TARGET_BUILD_DIR}/${FRAMEWORKS_FOLDER_PATH}/Realm.framework",
				"${TARGET_BUILD_DIR}/${FRAMEWORKS_FOLDER_PATH}/RealmSwift.framework",
				"${TARGET_BUILD_DIR}/${FRAMEWORKS_FOLDER_PATH}/RxCocoa.framework",
				"${TARGET_BUILD_DIR}/${FRAMEWORKS_FOLDER_PATH}/RxSwift.framework",
				"${TARGET_BUILD_DIR}/${FRAMEWORKS_FOLDER_PATH}/SnapKit.framework",
			);
			runOnlyForDeploymentPostprocessing = 0;
			shellPath = /bin/sh;
			shellScript = "\"${SRCROOT}/Pods/Target Support Files/Pods-Piano/Pods-Piano-frameworks.sh\"\n";
			showEnvVarsInLog = 0;
		};
		7CE6755C44B854D01B68109C /* [CP] Check Pods Manifest.lock */ = {
			isa = PBXShellScriptBuildPhase;
			buildActionMask = 2147483647;
			files = (
			);
			inputPaths = (
				"${PODS_PODFILE_DIR_PATH}/Podfile.lock",
				"${PODS_ROOT}/Manifest.lock",
			);
			name = "[CP] Check Pods Manifest.lock";
			outputPaths = (
				"$(DERIVED_FILE_DIR)/Pods-Piano-checkManifestLockResult.txt",
			);
			runOnlyForDeploymentPostprocessing = 0;
			shellPath = /bin/sh;
			shellScript = "diff \"${PODS_PODFILE_DIR_PATH}/Podfile.lock\" \"${PODS_ROOT}/Manifest.lock\" > /dev/null\nif [ $? != 0 ] ; then\n    # print error to STDERR\n    echo \"error: The sandbox is not in sync with the Podfile.lock. Run 'pod install' or update your CocoaPods installation.\" >&2\n    exit 1\nfi\n# This output is used by Xcode 'outputs' to avoid re-running this script phase.\necho \"SUCCESS\" > \"${SCRIPT_OUTPUT_FILE_0}\"\n";
			showEnvVarsInLog = 0;
		};
/* End PBXShellScriptBuildPhase section */

/* Begin PBXSourcesBuildPhase section */
		7C71F7BD20A729DF007DB646 /* Sources */ = {
			isa = PBXSourcesBuildPhase;
			buildActionMask = 2147483647;
			files = (
				7C1F8CF720BE2ACF001B03AC /* AutoCompleteTableView.swift in Sources */,
				6CEDD15C20BD1D45002FB34E /* DynamicParagraphStyle.swift in Sources */,
				6CEDD13C20BD19AD002FB34E /* CloudManager.swift in Sources */,
				7C7C9C2620B39579004B8994 /* iOS.swift in Sources */,
				7C7C9C2920B3BD6A004B8994 /* NoteListViewController.swift in Sources */,
				7C1F8D0620BE35B1001B03AC /* PianoTextView_Pianoable.swift in Sources */,
				6CEDD14A20BD1A2B002FB34E /* NSObject.swift in Sources */,
				7C64F8A920B61DF000FAC0E3 /* NotePeriodReusableView.swift in Sources */,
				6CEDD14020BD19AD002FB34E /* NoteSynchronizer.swift in Sources */,
				6CEDD16420BD1F80002FB34E /* Device.swift in Sources */,
				7C1F8D1020BE35EE001B03AC /* PianoControl.swift in Sources */,
				7CB5E9AD20B9513C00B42A55 /* PianoSegmentControl.swift in Sources */,
				6CEDD14E20BD1B5C002FB34E /* Util.swift in Sources */,
				7C7C9C2320B3955A004B8994 /* View_extension.swift in Sources */,
				7C7C9C4720B40586004B8994 /* CustomFormatViewController.swift in Sources */,
				7C601E0E20B4619000A707A0 /* CategoryNotificationCell.swift in Sources */,
				7CB5E9CD20BC00C600B42A55 /* DeletedNoteCell.swift in Sources */,
				7C1F8CEE20BE2AB0001B03AC /* PianoTextView_TableViewDataSource.swift in Sources */,
				6CEDD13920BD19AD002FB34E /* CloudDatabase.swift in Sources */,
				7CB5E9B920BA997D00B42A55 /* Linkable.swift in Sources */,
				7C64F8AC20B61EAC00FAC0E3 /* NoteCreateCell.swift in Sources */,
				6CEDD13A20BD19AD002FB34E /* RxCloudDatabase_Subscription.swift in Sources */,
				7CB5E9CF20BC00E800B42A55 /* LockedNoteCell.swift in Sources */,
				7CB5E9B320B953F800B42A55 /* Button_extension.swift in Sources */,
				6CEDD15420BD1CFB002FB34E /* FontManager.swift in Sources */,
				6CEDD14420BD1A17002FB34E /* CKError.swift in Sources */,
				7CB5E9C020BB6B6B00B42A55 /* Color_extension.swift in Sources */,
				6CEDD11D20BD18A0002FB34E /* LocalImageCache.swift in Sources */,
				7C7C9C4120B402AF004B8994 /* UsageViewController.swift in Sources */,
				7C1F8D1820BE383D001B03AC /* ConstraintIdentifier.swift in Sources */,
				6CEDD14120BD19AD002FB34E /* CloudNotificationCenter.swift in Sources */,
				6CEDD12A20BD19A6002FB34E /* AttributeModel.swift in Sources */,
				7C1F8D0420BE3573001B03AC /* Pianoable.swift in Sources */,
				7C1F8D1420BE3611001B03AC /* TextAnimatable.swift in Sources */,
				7C601E1020B461DF00A707A0 /* CategoryLinkCell.swift in Sources */,
				7C1F8CEB20BE2AB0001B03AC /* AutoComplete.swift in Sources */,
				7C7C9C1E20B39535004B8994 /* StatusBarView.swift in Sources */,
				7C1F8D1620BE3779001B03AC /* PianoCoverView.swift in Sources */,
				7CB5E9C720BBFC8A00B42A55 /* CategoryListViewController_extension.swift in Sources */,
				7CB5E9C520BBFC5100B42A55 /* NoteListViewController_extension.swift in Sources */,
				7CB5E9B520B9547000B42A55 /* TestViewController.swift in Sources */,
				6CEDD16620BD205B002FB34E /* ModelManager.swift in Sources */,
				7C415C8820BCB30000B9F8DC /* AppNavigator.swift in Sources */,
				7C7C9C4520B402F0004B8994 /* SubscribeViewController.swift in Sources */,
				7C64F8AE20B61F6600FAC0E3 /* NoteCalendarCell.swift in Sources */,
				6CEDD13B20BD19AD002FB34E /* RxCloudDatabase.swift in Sources */,
				7C64F8A520B5B66600FAC0E3 /* CollectionDatable.swift in Sources */,
				7CB5E9B720B9777A00B42A55 /* UIViewController_extension.swift in Sources */,
				7C1F8CFC20BE31C9001B03AC /* NSAttributedString_extension.swift in Sources */,
				7C1F8D0A20BE35E0001B03AC /* AnimatableText.swift in Sources */,
				7C7C9C2D20B3BDA2004B8994 /* NoteViewController.swift in Sources */,
				7C7C9C4320B402D9004B8994 /* UsageListViewController.swift in Sources */,
				7C7C9C3320B3D3F6004B8994 /* SearchViewController.swift in Sources */,
				7C601E0C20B460EE00A707A0 /* CategoryCustomTagCell.swift in Sources */,
				6CEDD15220BD1CF0002FB34E /* ColorManager.swift in Sources */,
				6CEDD13F20BD19AD002FB34E /* Diff3.swift in Sources */,
				7C64F8B020B6200100FAC0E3 /* NoteCell.swift in Sources */,
				6CEDD15020BD1C76002FB34E /* UIImage+resize.swift in Sources */,
				7C1F8CFA20BE2D78001B03AC /* DynamicAttachment.swift in Sources */,
				6CEDD13D20BD19AD002FB34E /* ConflictResolver.swift in Sources */,
				6CEDD16020BD1D84002FB34E /* NSAttributedStringKey.swift in Sources */,
				6CEDD15E20BD1D76002FB34E /* PianoNoteSizeInspector.swift in Sources */,
				7C1F8D0020BE337A001B03AC /* PianoAttributes.swift in Sources */,
				7C1F8CE620BE22C5001B03AC /* PianoTextView.swift in Sources */,
				6CEDD13E20BD19AD002FB34E /* Diff.swift in Sources */,
				6CEDD14C20BD1AC0002FB34E /* Realm+CloudKit.swift in Sources */,
				7C415C8120BCAAD400B9F8DC /* String_extension.swift in Sources */,
				6CEDD14220BD19AD002FB34E /* Sync.swift in Sources */,
				7C1F8D0820BE35CF001B03AC /* PianoSetup.swift in Sources */,
				7C7C9C4920B45D42004B8994 /* CategoryDefaultTagCell.swift in Sources */,
				6CEDD11F20BD18A0002FB34E /* RealmCardDataModels.swift in Sources */,
				6CEDD16220BD1DEE002FB34E /* AttributeModelConfigurable.swift in Sources */,
				7C7C9C2B20B3BD84004B8994 /* CategoryListViewController.swift in Sources */,
				7C1F8CEC20BE2AB0001B03AC /* PianoTextView_AutoCompletable.swift in Sources */,
				7CB5E9C220BB6ED100B42A55 /* PianoView.swift in Sources */,
				7CB5E9C920BBFD0900B42A55 /* UICollectionView_extension.swift in Sources */,
				7C1F8CF420BE2ACF001B03AC /* AutoCompleteTableViewCell.swift in Sources */,
				6CEDD15920BD1D2D002FB34E /* CardAttachment.swift in Sources */,
				7C415C7E20BCA99A00B9F8DC /* LicenseViewController.swift in Sources */,
				7C7C9C1F20B39535004B8994 /* TransParentNavigationController.swift in Sources */,
				6CEDD12120BD18A0002FB34E /* LocalDatabase.swift in Sources */,
				7CB5E9AA20B9312D00B42A55 /* CategoryTitleReusableView.swift in Sources */,
				7C79C4BB20BD70F5006249CD /* Date_extension.swift in Sources */,
				6CEDD14720BD1A23002FB34E /* CKAsset+UIImage.swift in Sources */,
				7C1F8CED20BE2AB0001B03AC /* AutoCompletable.swift in Sources */,
				7C601E1220B4620500A707A0 /* CategoryExtraCell.swift in Sources */,
				6CEDD12920BD19A6002FB34E /* FontAttribute.swift in Sources */,
				6CEDD14820BD1A23002FB34E /* CKDatabaseScope.swift in Sources */,
				7C64F8B220B67FD000FAC0E3 /* DateFormatter_extension.swift in Sources */,
				7C415C8B20BCBBB300B9F8DC /* AttachmentViewController.swift in Sources */,
				7C1F8D0C20BE35E6001B03AC /* PianoResult.swift in Sources */,
				7C7C9C2220B3955A004B8994 /* UIView_extension.swift in Sources */,
				7C2F5F2320BF8CC20005B112 /* NoteGestureRecognizer.swift in Sources */,
				7C1F8CFE20BE31EE001B03AC /* NSRange_extension.swift in Sources */,
				7C71F7C520A729DF007DB646 /* AppDelegate.swift in Sources */,
				6CEDD11E20BD18A0002FB34E /* RealmDataModel.swift in Sources */,
				6CEDD12020BD18A0002FB34E /* RealmImageObserver.swift in Sources */,
			);
			runOnlyForDeploymentPostprocessing = 0;
		};
/* End PBXSourcesBuildPhase section */

/* Begin PBXVariantGroup section */
		7C71F7C820A729DF007DB646 /* Main.storyboard */ = {
			isa = PBXVariantGroup;
			children = (
				7C71F7C920A729DF007DB646 /* Base */,
			);
			name = Main.storyboard;
			sourceTree = "<group>";
		};
		7C71F7CD20A729E0007DB646 /* LaunchScreen.storyboard */ = {
			isa = PBXVariantGroup;
			children = (
				7C71F7CE20A729E0007DB646 /* Base */,
			);
			name = LaunchScreen.storyboard;
			sourceTree = "<group>";
		};
/* End PBXVariantGroup section */

/* Begin XCBuildConfiguration section */
		7C71F7D120A729E0007DB646 /* Debug */ = {
			isa = XCBuildConfiguration;
			buildSettings = {
				ALWAYS_SEARCH_USER_PATHS = NO;
				CLANG_ANALYZER_NONNULL = YES;
				CLANG_ANALYZER_NUMBER_OBJECT_CONVERSION = YES_AGGRESSIVE;
				CLANG_CXX_LANGUAGE_STANDARD = "gnu++14";
				CLANG_CXX_LIBRARY = "libc++";
				CLANG_ENABLE_MODULES = YES;
				CLANG_ENABLE_OBJC_ARC = YES;
				CLANG_ENABLE_OBJC_WEAK = YES;
				CLANG_WARN_BLOCK_CAPTURE_AUTORELEASING = YES;
				CLANG_WARN_BOOL_CONVERSION = YES;
				CLANG_WARN_COMMA = YES;
				CLANG_WARN_CONSTANT_CONVERSION = YES;
				CLANG_WARN_DEPRECATED_OBJC_IMPLEMENTATIONS = YES;
				CLANG_WARN_DIRECT_OBJC_ISA_USAGE = YES_ERROR;
				CLANG_WARN_DOCUMENTATION_COMMENTS = YES;
				CLANG_WARN_EMPTY_BODY = YES;
				CLANG_WARN_ENUM_CONVERSION = YES;
				CLANG_WARN_INFINITE_RECURSION = YES;
				CLANG_WARN_INT_CONVERSION = YES;
				CLANG_WARN_NON_LITERAL_NULL_CONVERSION = YES;
				CLANG_WARN_OBJC_IMPLICIT_RETAIN_SELF = YES;
				CLANG_WARN_OBJC_LITERAL_CONVERSION = YES;
				CLANG_WARN_OBJC_ROOT_CLASS = YES_ERROR;
				CLANG_WARN_RANGE_LOOP_ANALYSIS = YES;
				CLANG_WARN_STRICT_PROTOTYPES = YES;
				CLANG_WARN_SUSPICIOUS_MOVE = YES;
				CLANG_WARN_UNGUARDED_AVAILABILITY = YES_AGGRESSIVE;
				CLANG_WARN_UNREACHABLE_CODE = YES;
				CLANG_WARN__DUPLICATE_METHOD_MATCH = YES;
				CODE_SIGN_IDENTITY = "iPhone Developer";
				COPY_PHASE_STRIP = NO;
				DEBUG_INFORMATION_FORMAT = dwarf;
				ENABLE_STRICT_OBJC_MSGSEND = YES;
				ENABLE_TESTABILITY = YES;
				GCC_C_LANGUAGE_STANDARD = gnu11;
				GCC_DYNAMIC_NO_PIC = NO;
				GCC_NO_COMMON_BLOCKS = YES;
				GCC_OPTIMIZATION_LEVEL = 0;
				GCC_PREPROCESSOR_DEFINITIONS = (
					"DEBUG=1",
					"$(inherited)",
				);
				GCC_WARN_64_TO_32_BIT_CONVERSION = YES;
				GCC_WARN_ABOUT_RETURN_TYPE = YES_ERROR;
				GCC_WARN_UNDECLARED_SELECTOR = YES;
				GCC_WARN_UNINITIALIZED_AUTOS = YES_AGGRESSIVE;
				GCC_WARN_UNUSED_FUNCTION = YES;
				GCC_WARN_UNUSED_VARIABLE = YES;
				IPHONEOS_DEPLOYMENT_TARGET = 11.3;
				MTL_ENABLE_DEBUG_INFO = YES;
				ONLY_ACTIVE_ARCH = YES;
				SDKROOT = iphoneos;
				SWIFT_ACTIVE_COMPILATION_CONDITIONS = DEBUG;
				SWIFT_OPTIMIZATION_LEVEL = "-Onone";
			};
			name = Debug;
		};
		7C71F7D220A729E0007DB646 /* Release */ = {
			isa = XCBuildConfiguration;
			buildSettings = {
				ALWAYS_SEARCH_USER_PATHS = NO;
				CLANG_ANALYZER_NONNULL = YES;
				CLANG_ANALYZER_NUMBER_OBJECT_CONVERSION = YES_AGGRESSIVE;
				CLANG_CXX_LANGUAGE_STANDARD = "gnu++14";
				CLANG_CXX_LIBRARY = "libc++";
				CLANG_ENABLE_MODULES = YES;
				CLANG_ENABLE_OBJC_ARC = YES;
				CLANG_ENABLE_OBJC_WEAK = YES;
				CLANG_WARN_BLOCK_CAPTURE_AUTORELEASING = YES;
				CLANG_WARN_BOOL_CONVERSION = YES;
				CLANG_WARN_COMMA = YES;
				CLANG_WARN_CONSTANT_CONVERSION = YES;
				CLANG_WARN_DEPRECATED_OBJC_IMPLEMENTATIONS = YES;
				CLANG_WARN_DIRECT_OBJC_ISA_USAGE = YES_ERROR;
				CLANG_WARN_DOCUMENTATION_COMMENTS = YES;
				CLANG_WARN_EMPTY_BODY = YES;
				CLANG_WARN_ENUM_CONVERSION = YES;
				CLANG_WARN_INFINITE_RECURSION = YES;
				CLANG_WARN_INT_CONVERSION = YES;
				CLANG_WARN_NON_LITERAL_NULL_CONVERSION = YES;
				CLANG_WARN_OBJC_IMPLICIT_RETAIN_SELF = YES;
				CLANG_WARN_OBJC_LITERAL_CONVERSION = YES;
				CLANG_WARN_OBJC_ROOT_CLASS = YES_ERROR;
				CLANG_WARN_RANGE_LOOP_ANALYSIS = YES;
				CLANG_WARN_STRICT_PROTOTYPES = YES;
				CLANG_WARN_SUSPICIOUS_MOVE = YES;
				CLANG_WARN_UNGUARDED_AVAILABILITY = YES_AGGRESSIVE;
				CLANG_WARN_UNREACHABLE_CODE = YES;
				CLANG_WARN__DUPLICATE_METHOD_MATCH = YES;
				CODE_SIGN_IDENTITY = "iPhone Developer";
				COPY_PHASE_STRIP = NO;
				DEBUG_INFORMATION_FORMAT = "dwarf-with-dsym";
				ENABLE_NS_ASSERTIONS = NO;
				ENABLE_STRICT_OBJC_MSGSEND = YES;
				GCC_C_LANGUAGE_STANDARD = gnu11;
				GCC_NO_COMMON_BLOCKS = YES;
				GCC_WARN_64_TO_32_BIT_CONVERSION = YES;
				GCC_WARN_ABOUT_RETURN_TYPE = YES_ERROR;
				GCC_WARN_UNDECLARED_SELECTOR = YES;
				GCC_WARN_UNINITIALIZED_AUTOS = YES_AGGRESSIVE;
				GCC_WARN_UNUSED_FUNCTION = YES;
				GCC_WARN_UNUSED_VARIABLE = YES;
				IPHONEOS_DEPLOYMENT_TARGET = 11.3;
				MTL_ENABLE_DEBUG_INFO = NO;
				SDKROOT = iphoneos;
				SWIFT_COMPILATION_MODE = wholemodule;
				SWIFT_OPTIMIZATION_LEVEL = "-O";
				VALIDATE_PRODUCT = YES;
			};
			name = Release;
		};
		7C71F7D420A729E0007DB646 /* Debug */ = {
			isa = XCBuildConfiguration;
			baseConfigurationReference = C60C8955B72E733BB2089CFF /* Pods-Piano.debug.xcconfig */;
			buildSettings = {
				ASSETCATALOG_COMPILER_APPICON_NAME = AppIcon;
				CODE_SIGN_ENTITLEMENTS = Piano/Piano.entitlements;
				CODE_SIGN_STYLE = Automatic;
				DEVELOPMENT_TEAM = U9KHV9D7LV;
				INFOPLIST_FILE = Piano/Info.plist;
				LD_RUNPATH_SEARCH_PATHS = (
					"$(inherited)",
					"@executable_path/Frameworks",
				);
				PRODUCT_BUNDLE_IDENTIFIER = com.pianoInc.Piano;
				PRODUCT_NAME = "$(TARGET_NAME)";
				SWIFT_VERSION = 4.0;
				TARGETED_DEVICE_FAMILY = "1,2";
			};
			name = Debug;
		};
		7C71F7D520A729E0007DB646 /* Release */ = {
			isa = XCBuildConfiguration;
			baseConfigurationReference = 5330C18E5AE13D724B6D77DC /* Pods-Piano.release.xcconfig */;
			buildSettings = {
				ASSETCATALOG_COMPILER_APPICON_NAME = AppIcon;
				CODE_SIGN_ENTITLEMENTS = Piano/Piano.entitlements;
				CODE_SIGN_STYLE = Automatic;
				DEVELOPMENT_TEAM = U9KHV9D7LV;
				INFOPLIST_FILE = Piano/Info.plist;
				LD_RUNPATH_SEARCH_PATHS = (
					"$(inherited)",
					"@executable_path/Frameworks",
				);
				PRODUCT_BUNDLE_IDENTIFIER = com.pianoInc.Piano;
				PRODUCT_NAME = "$(TARGET_NAME)";
				SWIFT_VERSION = 4.0;
				TARGETED_DEVICE_FAMILY = "1,2";
			};
			name = Release;
		};
/* End XCBuildConfiguration section */

/* Begin XCConfigurationList section */
		7C71F7BC20A729DF007DB646 /* Build configuration list for PBXProject "Piano" */ = {
			isa = XCConfigurationList;
			buildConfigurations = (
				7C71F7D120A729E0007DB646 /* Debug */,
				7C71F7D220A729E0007DB646 /* Release */,
			);
			defaultConfigurationIsVisible = 0;
			defaultConfigurationName = Release;
		};
		7C71F7D320A729E0007DB646 /* Build configuration list for PBXNativeTarget "Piano" */ = {
			isa = XCConfigurationList;
			buildConfigurations = (
				7C71F7D420A729E0007DB646 /* Debug */,
				7C71F7D520A729E0007DB646 /* Release */,
			);
			defaultConfigurationIsVisible = 0;
			defaultConfigurationName = Release;
		};
/* End XCConfigurationList section */
	};
	rootObject = 7C71F7B920A729DF007DB646 /* Project object */;
}
